
Microsoft Visual Studio Solution File, Format Version 12.00
# Visual Studio 15
VisualStudioVersion = 15.0.26730.8
MinimumVisualStudioVersion = 10.0.40219.1
Project("{FAE04EC0-301F-11D3-BF4B-00C04F79EFBC}") = "DeliveryApp", "DeliveryApp\DeliveryApp.csproj", "{68A27079-7D90-48BE-888D-F9CB25B626A0}"
EndProject
Project("{D954291E-2A0B-460D-934E-DC6B0785DB48}") = "DriverApp", "DriverApp\DriverApp\DriverApp.shproj", "{0FE276C3-0915-43AE-AF89-7FC8B148FCFE}"
EndProject
Project("{FAE04EC0-301F-11D3-BF4B-00C04F79EFBC}") = "DriverApp.Android", "DriverApp\DriverApp.Android\DriverApp.Android.csproj", "{E392C32A-60E6-450A-9DF8-F0AC55FA3A08}"
EndProject
Project("{FAE04EC0-301F-11D3-BF4B-00C04F79EFBC}") = "DriverApp.iOS", "DriverApp\DriverApp.iOS\DriverApp.iOS.csproj", "{B8B1B60B-39A4-485D-AD14-20E24E88C36C}"
EndProject
Project("{FAE04EC0-301F-11D3-BF4B-00C04F79EFBC}") = "DriverApp.UWP", "DriverApp\DriverApp.UWP\DriverApp.UWP.csproj", "{4D47E425-0A11-45FA-A776-AAF204B6730C}"
EndProject
Project("{FAE04EC0-301F-11D3-BF4B-00C04F79EFBC}") = "DriverApp.MobileAppService", "DriverApp\DriverApp.MobileAppService\DriverApp.MobileAppService.csproj", "{7F9DEB17-27A7-4C50-A03D-A0DC3E9AF55C}"
EndProject
Global
	GlobalSection(SharedMSBuildProjectFiles) = preSolution
		DriverApp\DriverApp\DriverApp.projitems*{0fe276c3-0915-43ae-af89-7fc8b148fcfe}*SharedItemsImports = 13
		DriverApp\DriverApp\DriverApp.projitems*{b8b1b60b-39a4-485d-ad14-20e24e88c36c}*SharedItemsImports = 4
	EndGlobalSection
	GlobalSection(SolutionConfigurationPlatforms) = preSolution
		Debug|Any CPU = Debug|Any CPU
		Debug|ARM = Debug|ARM
		Debug|iPhone = Debug|iPhone
		Debug|iPhoneSimulator = Debug|iPhoneSimulator
		Debug|x64 = Debug|x64
		Debug|x86 = Debug|x86
		Release|Any CPU = Release|Any CPU
		Release|ARM = Release|ARM
		Release|iPhone = Release|iPhone
		Release|iPhoneSimulator = Release|iPhoneSimulator
		Release|x64 = Release|x64
		Release|x86 = Release|x86
	EndGlobalSection
	GlobalSection(ProjectConfigurationPlatforms) = postSolution
		{68A27079-7D90-48BE-888D-F9CB25B626A0}.Debug|Any CPU.ActiveCfg = Debug|Any CPU
		{68A27079-7D90-48BE-888D-F9CB25B626A0}.Debug|Any CPU.Build.0 = Debug|Any CPU
		{68A27079-7D90-48BE-888D-F9CB25B626A0}.Debug|ARM.ActiveCfg = Debug|Any CPU
		{68A27079-7D90-48BE-888D-F9CB25B626A0}.Debug|ARM.Build.0 = Debug|Any CPU
		{68A27079-7D90-48BE-888D-F9CB25B626A0}.Debug|iPhone.ActiveCfg = Debug|Any CPU
		{68A27079-7D90-48BE-888D-F9CB25B626A0}.Debug|iPhone.Build.0 = Debug|Any CPU
		{68A27079-7D90-48BE-888D-F9CB25B626A0}.Debug|iPhoneSimulator.ActiveCfg = Debug|Any CPU
		{68A27079-7D90-48BE-888D-F9CB25B626A0}.Debug|iPhoneSimulator.Build.0 = Debug|Any CPU
		{68A27079-7D90-48BE-888D-F9CB25B626A0}.Debug|x64.ActiveCfg = Debug|Any CPU
		{68A27079-7D90-48BE-888D-F9CB25B626A0}.Debug|x64.Build.0 = Debug|Any CPU
		{68A27079-7D90-48BE-888D-F9CB25B626A0}.Debug|x86.ActiveCfg = Debug|Any CPU
		{68A27079-7D90-48BE-888D-F9CB25B626A0}.Debug|x86.Build.0 = Debug|Any CPU
		{68A27079-7D90-48BE-888D-F9CB25B626A0}.Release|Any CPU.ActiveCfg = Release|Any CPU
		{68A27079-7D90-48BE-888D-F9CB25B626A0}.Release|Any CPU.Build.0 = Release|Any CPU
		{68A27079-7D90-48BE-888D-F9CB25B626A0}.Release|ARM.ActiveCfg = Release|Any CPU
		{68A27079-7D90-48BE-888D-F9CB25B626A0}.Release|ARM.Build.0 = Release|Any CPU
		{68A27079-7D90-48BE-888D-F9CB25B626A0}.Release|iPhone.ActiveCfg = Release|Any CPU
		{68A27079-7D90-48BE-888D-F9CB25B626A0}.Release|iPhone.Build.0 = Release|Any CPU
		{68A27079-7D90-48BE-888D-F9CB25B626A0}.Release|iPhoneSimulator.ActiveCfg = Release|Any CPU
		{68A27079-7D90-48BE-888D-F9CB25B626A0}.Release|iPhoneSimulator.Build.0 = Release|Any CPU
		{68A27079-7D90-48BE-888D-F9CB25B626A0}.Release|x64.ActiveCfg = Release|Any CPU
		{68A27079-7D90-48BE-888D-F9CB25B626A0}.Release|x64.Build.0 = Release|Any CPU
		{68A27079-7D90-48BE-888D-F9CB25B626A0}.Release|x86.ActiveCfg = Release|Any CPU
		{68A27079-7D90-48BE-888D-F9CB25B626A0}.Release|x86.Build.0 = Release|Any CPU
		{E392C32A-60E6-450A-9DF8-F0AC55FA3A08}.Debug|Any CPU.ActiveCfg = Debug|Any CPU
		{E392C32A-60E6-450A-9DF8-F0AC55FA3A08}.Debug|Any CPU.Build.0 = Debug|Any CPU
		{E392C32A-60E6-450A-9DF8-F0AC55FA3A08}.Debug|Any CPU.Deploy.0 = Debug|Any CPU
		{E392C32A-60E6-450A-9DF8-F0AC55FA3A08}.Debug|ARM.ActiveCfg = Debug|Any CPU
		{E392C32A-60E6-450A-9DF8-F0AC55FA3A08}.Debug|ARM.Build.0 = Debug|Any CPU
		{E392C32A-60E6-450A-9DF8-F0AC55FA3A08}.Debug|ARM.Deploy.0 = Debug|Any CPU
		{E392C32A-60E6-450A-9DF8-F0AC55FA3A08}.Debug|iPhone.ActiveCfg = Debug|Any CPU
		{E392C32A-60E6-450A-9DF8-F0AC55FA3A08}.Debug|iPhone.Build.0 = Debug|Any CPU
		{E392C32A-60E6-450A-9DF8-F0AC55FA3A08}.Debug|iPhone.Deploy.0 = Debug|Any CPU
		{E392C32A-60E6-450A-9DF8-F0AC55FA3A08}.Debug|iPhoneSimulator.ActiveCfg = Debug|Any CPU
		{E392C32A-60E6-450A-9DF8-F0AC55FA3A08}.Debug|iPhoneSimulator.Build.0 = Debug|Any CPU
		{E392C32A-60E6-450A-9DF8-F0AC55FA3A08}.Debug|iPhoneSimulator.Deploy.0 = Debug|Any CPU
		{E392C32A-60E6-450A-9DF8-F0AC55FA3A08}.Debug|x64.ActiveCfg = Debug|Any CPU
		{E392C32A-60E6-450A-9DF8-F0AC55FA3A08}.Debug|x64.Build.0 = Debug|Any CPU
		{E392C32A-60E6-450A-9DF8-F0AC55FA3A08}.Debug|x64.Deploy.0 = Debug|Any CPU
		{E392C32A-60E6-450A-9DF8-F0AC55FA3A08}.Debug|x86.ActiveCfg = Debug|Any CPU
		{E392C32A-60E6-450A-9DF8-F0AC55FA3A08}.Debug|x86.Build.0 = Debug|Any CPU
		{E392C32A-60E6-450A-9DF8-F0AC55FA3A08}.Debug|x86.Deploy.0 = Debug|Any CPU
		{E392C32A-60E6-450A-9DF8-F0AC55FA3A08}.Release|Any CPU.ActiveCfg = Release|Any CPU
		{E392C32A-60E6-450A-9DF8-F0AC55FA3A08}.Release|Any CPU.Build.0 = Release|Any CPU
		{E392C32A-60E6-450A-9DF8-F0AC55FA3A08}.Release|Any CPU.Deploy.0 = Release|Any CPU
		{E392C32A-60E6-450A-9DF8-F0AC55FA3A08}.Release|ARM.ActiveCfg = Release|Any CPU
		{E392C32A-60E6-450A-9DF8-F0AC55FA3A08}.Release|ARM.Build.0 = Release|Any CPU
		{E392C32A-60E6-450A-9DF8-F0AC55FA3A08}.Release|ARM.Deploy.0 = Release|Any CPU
		{E392C32A-60E6-450A-9DF8-F0AC55FA3A08}.Release|iPhone.ActiveCfg = Release|Any CPU
		{E392C32A-60E6-450A-9DF8-F0AC55FA3A08}.Release|iPhone.Build.0 = Release|Any CPU
		{E392C32A-60E6-450A-9DF8-F0AC55FA3A08}.Release|iPhone.Deploy.0 = Release|Any CPU
		{E392C32A-60E6-450A-9DF8-F0AC55FA3A08}.Release|iPhoneSimulator.ActiveCfg = Release|Any CPU
		{E392C32A-60E6-450A-9DF8-F0AC55FA3A08}.Release|iPhoneSimulator.Build.0 = Release|Any CPU
		{E392C32A-60E6-450A-9DF8-F0AC55FA3A08}.Release|iPhoneSimulator.Deploy.0 = Release|Any CPU
		{E392C32A-60E6-450A-9DF8-F0AC55FA3A08}.Release|x64.ActiveCfg = Release|Any CPU
		{E392C32A-60E6-450A-9DF8-F0AC55FA3A08}.Release|x64.Build.0 = Release|Any CPU
		{E392C32A-60E6-450A-9DF8-F0AC55FA3A08}.Release|x64.Deploy.0 = Release|Any CPU
		{E392C32A-60E6-450A-9DF8-F0AC55FA3A08}.Release|x86.ActiveCfg = Release|Any CPU
		{E392C32A-60E6-450A-9DF8-F0AC55FA3A08}.Release|x86.Build.0 = Release|Any CPU
		{E392C32A-60E6-450A-9DF8-F0AC55FA3A08}.Release|x86.Deploy.0 = Release|Any CPU
		{B8B1B60B-39A4-485D-AD14-20E24E88C36C}.Debug|Any CPU.ActiveCfg = Debug|iPhone
		{B8B1B60B-39A4-485D-AD14-20E24E88C36C}.Debug|ARM.ActiveCfg = Debug|iPhone
		{B8B1B60B-39A4-485D-AD14-20E24E88C36C}.Debug|iPhone.ActiveCfg = Debug|iPhone
		{B8B1B60B-39A4-485D-AD14-20E24E88C36C}.Debug|iPhone.Build.0 = Debug|iPhone
		{B8B1B60B-39A4-485D-AD14-20E24E88C36C}.Debug|iPhoneSimulator.ActiveCfg = Debug|iPhoneSimulator
		{B8B1B60B-39A4-485D-AD14-20E24E88C36C}.Debug|iPhoneSimulator.Build.0 = Debug|iPhoneSimulator
		{B8B1B60B-39A4-485D-AD14-20E24E88C36C}.Debug|x64.ActiveCfg = Debug|iPhone
		{B8B1B60B-39A4-485D-AD14-20E24E88C36C}.Debug|x86.ActiveCfg = Debug|iPhone
		{B8B1B60B-39A4-485D-AD14-20E24E88C36C}.Release|Any CPU.ActiveCfg = Release|iPhone
		{B8B1B60B-39A4-485D-AD14-20E24E88C36C}.Release|ARM.ActiveCfg = Release|iPhone
		{B8B1B60B-39A4-485D-AD14-20E24E88C36C}.Release|iPhone.ActiveCfg = Release|iPhone
		{B8B1B60B-39A4-485D-AD14-20E24E88C36C}.Release|iPhone.Build.0 = Release|iPhone
		{B8B1B60B-39A4-485D-AD14-20E24E88C36C}.Release|iPhoneSimulator.ActiveCfg = Release|iPhoneSimulator
		{B8B1B60B-39A4-485D-AD14-20E24E88C36C}.Release|iPhoneSimulator.Build.0 = Release|iPhoneSimulator
		{B8B1B60B-39A4-485D-AD14-20E24E88C36C}.Release|x64.ActiveCfg = Release|iPhone
		{B8B1B60B-39A4-485D-AD14-20E24E88C36C}.Release|x86.ActiveCfg = Release|iPhone
		{4D47E425-0A11-45FA-A776-AAF204B6730C}.Debug|Any CPU.ActiveCfg = Debug|x86
		{4D47E425-0A11-45FA-A776-AAF204B6730C}.Debug|ARM.ActiveCfg = Debug|ARM
		{4D47E425-0A11-45FA-A776-AAF204B6730C}.Debug|ARM.Build.0 = Debug|ARM
		{4D47E425-0A11-45FA-A776-AAF204B6730C}.Debug|ARM.Deploy.0 = Debug|ARM
		{4D47E425-0A11-45FA-A776-AAF204B6730C}.Debug|iPhone.ActiveCfg = Debug|x86
		{4D47E425-0A11-45FA-A776-AAF204B6730C}.Debug|iPhoneSimulator.ActiveCfg = Debug|x86
		{4D47E425-0A11-45FA-A776-AAF204B6730C}.Debug|x64.ActiveCfg = Debug|x64
		{4D47E425-0A11-45FA-A776-AAF204B6730C}.Debug|x64.Build.0 = Debug|x64
		{4D47E425-0A11-45FA-A776-AAF204B6730C}.Debug|x64.Deploy.0 = Debug|x64
		{4D47E425-0A11-45FA-A776-AAF204B6730C}.Debug|x86.ActiveCfg = Debug|x86
		{4D47E425-0A11-45FA-A776-AAF204B6730C}.Debug|x86.Build.0 = Debug|x86
		{4D47E425-0A11-45FA-A776-AAF204B6730C}.Debug|x86.Deploy.0 = Debug|x86
		{4D47E425-0A11-45FA-A776-AAF204B6730C}.Release|Any CPU.ActiveCfg = Release|x86
		{4D47E425-0A11-45FA-A776-AAF204B6730C}.Release|ARM.ActiveCfg = Release|ARM
		{4D47E425-0A11-45FA-A776-AAF204B6730C}.Release|ARM.Build.0 = Release|ARM
		{4D47E425-0A11-45FA-A776-AAF204B6730C}.Release|ARM.Deploy.0 = Release|ARM
		{4D47E425-0A11-45FA-A776-AAF204B6730C}.Release|iPhone.ActiveCfg = Release|x86
		{4D47E425-0A11-45FA-A776-AAF204B6730C}.Release|iPhoneSimulator.ActiveCfg = Release|x86
		{4D47E425-0A11-45FA-A776-AAF204B6730C}.Release|x64.ActiveCfg = Release|x64
		{4D47E425-0A11-45FA-A776-AAF204B6730C}.Release|x64.Build.0 = Release|x64
		{4D47E425-0A11-45FA-A776-AAF204B6730C}.Release|x64.Deploy.0 = Release|x64
		{4D47E425-0A11-45FA-A776-AAF204B6730C}.Release|x86.ActiveCfg = Release|x86
		{4D47E425-0A11-45FA-A776-AAF204B6730C}.Release|x86.Build.0 = Release|x86
		{4D47E425-0A11-45FA-A776-AAF204B6730C}.Release|x86.Deploy.0 = Release|x86
		{7F9DEB17-27A7-4C50-A03D-A0DC3E9AF55C}.Debug|Any CPU.ActiveCfg = Debug|Any CPU
		{7F9DEB17-27A7-4C50-A03D-A0DC3E9AF55C}.Debug|Any CPU.Build.0 = Debug|Any CPU
		{7F9DEB17-27A7-4C50-A03D-A0DC3E9AF55C}.Debug|ARM.ActiveCfg = Debug|Any CPU
		{7F9DEB17-27A7-4C50-A03D-A0DC3E9AF55C}.Debug|ARM.Build.0 = Debug|Any CPU
		{7F9DEB17-27A7-4C50-A03D-A0DC3E9AF55C}.Debug|iPhone.ActiveCfg = Debug|Any CPU
		{7F9DEB17-27A7-4C50-A03D-A0DC3E9AF55C}.Debug|iPhone.Build.0 = Debug|Any CPU
		{7F9DEB17-27A7-4C50-A03D-A0DC3E9AF55C}.Debug|iPhoneSimulator.ActiveCfg = Debug|Any CPU
		{7F9DEB17-27A7-4C50-A03D-A0DC3E9AF55C}.Debug|iPhoneSimulator.Build.0 = Debug|Any CPU
		{7F9DEB17-27A7-4C50-A03D-A0DC3E9AF55C}.Debug|x64.ActiveCfg = Debug|Any CPU
		{7F9DEB17-27A7-4C50-A03D-A0DC3E9AF55C}.Debug|x64.Build.0 = Debug|Any CPU
		{7F9DEB17-27A7-4C50-A03D-A0DC3E9AF55C}.Debug|x86.ActiveCfg = Debug|Any CPU
		{7F9DEB17-27A7-4C50-A03D-A0DC3E9AF55C}.Debug|x86.Build.0 = Debug|Any CPU
		{7F9DEB17-27A7-4C50-A03D-A0DC3E9AF55C}.Release|Any CPU.ActiveCfg = Release|Any CPU
		{7F9DEB17-27A7-4C50-A03D-A0DC3E9AF55C}.Release|Any CPU.Build.0 = Release|Any CPU
		{7F9DEB17-27A7-4C50-A03D-A0DC3E9AF55C}.Release|ARM.ActiveCfg = Release|Any CPU
		{7F9DEB17-27A7-4C50-A03D-A0DC3E9AF55C}.Release|ARM.Build.0 = Release|Any CPU
		{7F9DEB17-27A7-4C50-A03D-A0DC3E9AF55C}.Release|iPhone.ActiveCfg = Release|Any CPU
		{7F9DEB17-27A7-4C50-A03D-A0DC3E9AF55C}.Release|iPhone.Build.0 = Release|Any CPU
		{7F9DEB17-27A7-4C50-A03D-A0DC3E9AF55C}.Release|iPhoneSimulator.ActiveCfg = Release|Any CPU
		{7F9DEB17-27A7-4C50-A03D-A0DC3E9AF55C}.Release|iPhoneSimulator.Build.0 = Release|Any CPU
		{7F9DEB17-27A7-4C50-A03D-A0DC3E9AF55C}.Release|x64.ActiveCfg = Release|Any CPU
		{7F9DEB17-27A7-4C50-A03D-A0DC3E9AF55C}.Release|x64.Build.0 = Release|Any CPU
		{7F9DEB17-27A7-4C50-A03D-A0DC3E9AF55C}.Release|x86.ActiveCfg = Release|Any CPU
		{7F9DEB17-27A7-4C50-A03D-A0DC3E9AF55C}.Release|x86.Build.0 = Release|Any CPU
	EndGlobalSection
	GlobalSection(SolutionProperties) = preSolution
		HideSolutionNode = FALSE
	EndGlobalSection
	GlobalSection(ExtensibilityGlobals) = postSolution
		SolutionGuid = {958F0C31-D831-4DDD-B414-0D28A53EA528}
	EndGlobalSection
EndGlobal
